{
  "name": "fixpoint-garage",
  "lockfileVersion": 3,
  "requires": true,
  "packages": {
    "": {
      "dependencies": {
        "run": "^2.0.0"
      }
    },
    "node_modules/run": {
      "version": "2.0.0",
      "resolved": "https://registry.npmjs.org/run/-/run-2.0.0.tgz",
      "integrity": "sha512-7fO5AYmPotAiBBdCoQg9gfKBmA+mGKy3Yq5aW8nuRVkHcVOTD2eA96ISE5i5gNMgMqnt0oBTfUm0D3+rhHPn3g==",
      "license": "Apache-2.0",
      "engines": {
        "node": ">=22.13.0"
      }
    }
  }
}
